<?xml version="1.0" encoding="utf-8"?>
<Project ToolsVersion="4.0" xmlns="http://schemas.microsoft.com/developer/msbuild/2003">
  <ItemGroup>
    <Filter Include="Исходные файлы">
      <UniqueIdentifier>{4FC737F1-C7A5-4376-A066-2A32D752A2FF}</UniqueIdentifier>
      <Extensions>cpp;c;cc;cxx;def;odl;idl;hpj;bat;asm;asmx</Extensions>
    </Filter>
    <Filter Include="Файлы заголовков">
      <UniqueIdentifier>{93995380-89BD-4b04-88EB-625FBE52EBFB}</UniqueIdentifier>
      <Extensions>h;hh;hpp;hxx;hm;inl;inc;xsd</Extensions>
    </Filter>
    <Filter Include="Файлы ресурсов">
      <UniqueIdentifier>{67DA6AB6-F800-4c08-8B7A-83BB121AAD01}</UniqueIdentifier>
      <Extensions>rc;ico;cur;bmp;dlg;rc2;rct;bin;rgs;gif;jpg;jpeg;jpe;resx;tiff;tif;png;wav;mfcribbon-ms</Extensions>
    </Filter>
    <Filter Include="Файлы заголовков\windows">
      <UniqueIdentifier>{cd188d0f-e02a-4b42-b90b-39b3645df188}</UniqueIdentifier>
    </Filter>
    <Filter Include="Файлы заголовков\resources">
      <UniqueIdentifier>{570369c9-36b5-4619-8302-c74c873d0bcb}</UniqueIdentifier>
    </Filter>
    <Filter Include="Файлы заголовков\shape_editor">
      <UniqueIdentifier>{4a58fd38-194b-46f2-bfa5-d99d86df413b}</UniqueIdentifier>
    </Filter>
    <Filter Include="Исходные файлы\windows">
      <UniqueIdentifier>{704f61a2-adda-445b-b6ff-5d6911462ce0}</UniqueIdentifier>
    </Filter>
    <Filter Include="Исходные файлы\shape_editor">
      <UniqueIdentifier>{8db73e6f-1f6f-4bc7-9c6a-5f96073ddb00}</UniqueIdentifier>
    </Filter>
    <Filter Include="Файлы ресурсов\img">
      <UniqueIdentifier>{7065d43f-d424-44c7-9f12-7df21c08c49f}</UniqueIdentifier>
    </Filter>
    <Filter Include="Исходные файлы\shape_editor\shapes">
      <UniqueIdentifier>{cc923d1a-da7a-4e23-b62a-e5c780bddd14}</UniqueIdentifier>
    </Filter>
    <Filter Include="Файлы заголовков\shape_editor\shapes">
      <UniqueIdentifier>{82add7a0-6428-4925-9754-8a7ba623b135}</UniqueIdentifier>
    </Filter>
    <Filter Include="Файлы заголовков\shapes_bridge">
      <UniqueIdentifier>{83244048-fd24-4c0d-949f-b3eb38fb4208}</UniqueIdentifier>
    </Filter>
    <Filter Include="Файлы заголовков\shapes_bridge\impl">
      <UniqueIdentifier>{8faa9e79-93e8-467f-81a4-d50bfb81bc21}</UniqueIdentifier>
    </Filter>
    <Filter Include="Исходные файлы\shapes_bridge">
      <UniqueIdentifier>{b99b3622-6528-44b9-a5f6-554bfed19fa0}</UniqueIdentifier>
    </Filter>
    <Filter Include="Файлы заголовков\shapes_bridge\gdi">
      <UniqueIdentifier>{31ead40b-ddf8-452f-ac7d-d15cf9ca516e}</UniqueIdentifier>
    </Filter>
    <Filter Include="Исходные файлы\shapes_bridge\gdi">
      <UniqueIdentifier>{a23720bf-52d2-4727-a0ca-f632426e9447}</UniqueIdentifier>
    </Filter>
    <Filter Include="Исходные файлы\shapes_bridge\input">
      <UniqueIdentifier>{d4574317-7f0b-47c4-8318-6e8f28fe96aa}</UniqueIdentifier>
    </Filter>
    <Filter Include="Файлы заголовков\shapes_bridge\input">
      <UniqueIdentifier>{a1df7b8a-74e0-4373-b120-832c9d7b3478}</UniqueIdentifier>
    </Filter>
    <Filter Include="Файлы заголовков\shapes_bridge\manager">
      <UniqueIdentifier>{3a7a650e-9224-4f6f-be1c-d7cb487ec8d1}</UniqueIdentifier>
    </Filter>
    <Filter Include="Файлы заголовков\shapes_bridge\shapes">
      <UniqueIdentifier>{6eb79da7-39d1-4be8-8ae7-654823dee9e4}</UniqueIdentifier>
    </Filter>
    <Filter Include="Исходные файлы\shapes_bridge\impl">
      <UniqueIdentifier>{1f731d5f-fa0b-4e8a-a21d-edb9d94b5ea7}</UniqueIdentifier>
    </Filter>
    <Filter Include="Исходные файлы\shapes_bridge\manager">
      <UniqueIdentifier>{431fcff4-af11-4d35-9fe5-7763c53c1955}</UniqueIdentifier>
    </Filter>
  </ItemGroup>
  <ItemGroup>
    <Text Include="ReadMe.txt" />
  </ItemGroup>
  <ItemGroup>
    <ClInclude Include="stdafx.h">
      <Filter>Файлы заголовков</Filter>
    </ClInclude>
    <ClInclude Include="targetver.h">
      <Filter>Файлы заголовков</Filter>
    </ClInclude>
    <ClInclude Include="Lab4.h">
      <Filter>Файлы заголовков</Filter>
    </ClInclude>
    <ClInclude Include="strings.h">
      <Filter>Файлы заголовков</Filter>
    </ClInclude>
    <ClInclude Include="shape.h">
      <Filter>Файлы заголовков\shape_editor\shapes</Filter>
    </ClInclude>
    <ClInclude Include="basic_shapes.h">
      <Filter>Файлы заголовков\shape_editor\shapes</Filter>
    </ClInclude>
    <ClInclude Include="LineOOShape.h">
      <Filter>Файлы заголовков\shape_editor\shapes</Filter>
    </ClInclude>
    <ClInclude Include="ShapeFactory.h">
      <Filter>Файлы заголовков\shape_editor\shapes</Filter>
    </ClInclude>
    <ClInclude Include="CubeShape.h">
      <Filter>Файлы заголовков\shape_editor\shapes</Filter>
    </ClInclude>
    <ClInclude Include="all_shapes.h">
      <Filter>Файлы заголовков\shape_editor\shapes</Filter>
    </ClInclude>
    <ClInclude Include="MainWindow.h">
      <Filter>Файлы заголовков\windows</Filter>
    </ClInclude>
    <ClInclude Include="TableDialog.h">
      <Filter>Файлы заголовков\windows</Filter>
    </ClInclude>
    <ClInclude Include="resource.h">
      <Filter>Файлы заголовков\resources</Filter>
    </ClInclude>
    <ClInclude Include="resource1.h">
      <Filter>Файлы заголовков\resources</Filter>
    </ClInclude>
    <ClInclude Include="DrawController.h">
      <Filter>Файлы заголовков\shape_editor</Filter>
    </ClInclude>
    <ClInclude Include="Helpers.h">
      <Filter>Файлы заголовков\shape_editor</Filter>
    </ClInclude>
    <ClInclude Include="DataSource.h">
      <Filter>Файлы заголовков</Filter>
    </ClInclude>
    <ClInclude Include="XGlobal.h">
      <Filter>Файлы заголовков\shapes_bridge</Filter>
    </ClInclude>
    <ClInclude Include="InputProcessor.h">
      <Filter>Файлы заголовков\shape_editor</Filter>
    </ClInclude>
    <ClInclude Include="XBasicShapesImpl.h">
      <Filter>Файлы заголовков\shapes_bridge\impl</Filter>
    </ClInclude>
    <ClInclude Include="XGdiShapeImpl.h">
      <Filter>Файлы заголовков\shapes_bridge\gdi</Filter>
    </ClInclude>
    <ClInclude Include="XGdiBasicShapesImpl.h">
      <Filter>Файлы заголовков\shapes_bridge\gdi</Filter>
    </ClInclude>
    <ClInclude Include="XGdiGlobal.h">
      <Filter>Файлы заголовков\shapes_bridge\gdi</Filter>
    </ClInclude>
    <ClInclude Include="XGdiContext.h">
      <Filter>Файлы заголовков\shapes_bridge\gdi</Filter>
    </ClInclude>
    <ClInclude Include="XShapeImpl.h">
      <Filter>Файлы заголовков\shapes_bridge\impl</Filter>
    </ClInclude>
    <ClInclude Include="XInputProcessor.h">
      <Filter>Файлы заголовков\shapes_bridge\input</Filter>
    </ClInclude>
    <ClInclude Include="XDrawController.h">
      <Filter>Файлы заголовков\shapes_bridge\manager</Filter>
    </ClInclude>
    <ClInclude Include="XImplStorage.h">
      <Filter>Файлы заголовков\shapes_bridge\manager</Filter>
    </ClInclude>
    <ClInclude Include="XBasicShapes.h">
      <Filter>Файлы заголовков\shapes_bridge\shapes</Filter>
    </ClInclude>
    <ClInclude Include="XComposite.h">
      <Filter>Файлы заголовков\shapes_bridge\shapes</Filter>
    </ClInclude>
    <ClInclude Include="XContext.h">
      <Filter>Файлы заголовков\shapes_bridge</Filter>
    </ClInclude>
    <ClInclude Include="XShape.h">
      <Filter>Файлы заголовков\shapes_bridge\shapes</Filter>
    </ClInclude>
    <ClInclude Include="XRubberBand.h">
      <Filter>Файлы заголовков\shapes_bridge</Filter>
    </ClInclude>
  </ItemGroup>
  <ItemGroup>
    <ClCompile Include="stdafx.cpp">
      <Filter>Исходные файлы</Filter>
    </ClCompile>
    <ClCompile Include="strings.cpp">
      <Filter>Исходные файлы</Filter>
    </ClCompile>
    <ClCompile Include="shape.cpp">
      <Filter>Исходные файлы\shape_editor\shapes</Filter>
    </ClCompile>
    <ClCompile Include="basic_shapes.cpp">
      <Filter>Исходные файлы\shape_editor\shapes</Filter>
    </ClCompile>
    <ClCompile Include="LineOOShape.cpp">
      <Filter>Исходные файлы\shape_editor\shapes</Filter>
    </ClCompile>
    <ClCompile Include="CubeShape.cpp">
      <Filter>Исходные файлы\shape_editor\shapes</Filter>
    </ClCompile>
    <ClCompile Include="main.cpp">
      <Filter>Исходные файлы</Filter>
    </ClCompile>
    <ClCompile Include="DrawController.cpp">
      <Filter>Исходные файлы\shape_editor</Filter>
    </ClCompile>
    <ClCompile Include="Helpers.cpp">
      <Filter>Исходные файлы\shape_editor</Filter>
    </ClCompile>
    <ClCompile Include="InputProcessor.cpp">
      <Filter>Исходные файлы\shape_editor</Filter>
    </ClCompile>
    <ClCompile Include="MainWindow.cpp">
      <Filter>Исходные файлы\windows</Filter>
    </ClCompile>
    <ClCompile Include="TableDialog.cpp">
      <Filter>Исходные файлы\windows</Filter>
    </ClCompile>
    <ClCompile Include="DataSource.cpp">
      <Filter>Исходные файлы</Filter>
    </ClCompile>
    <ClCompile Include="XShape.cpp">
      <Filter>Исходные файлы\shapes_bridge</Filter>
    </ClCompile>
    <ClCompile Include="XGlobal.cpp">
      <Filter>Исходные файлы\shapes_bridge</Filter>
    </ClCompile>
    <ClCompile Include="XBasicShapes.cpp">
      <Filter>Исходные файлы\shapes_bridge\gdi</Filter>
    </ClCompile>
    <ClCompile Include="XGdiShapeImpl.cpp">
      <Filter>Исходные файлы\shapes_bridge\gdi</Filter>
    </ClCompile>
    <ClCompile Include="XContext.cpp">
      <Filter>Исходные файлы\shapes_bridge</Filter>
    </ClCompile>
    <ClCompile Include="XComposite.cpp">
      <Filter>Исходные файлы</Filter>
    </ClCompile>
    <ClCompile Include="XInputProcessor.cpp">
      <Filter>Исходные файлы\shapes_bridge\input</Filter>
    </ClCompile>
    <ClCompile Include="XShapeImpl.cpp">
      <Filter>Исходные файлы\shapes_bridge\impl</Filter>
    </ClCompile>
    <ClCompile Include="XDrawController.cpp">
      <Filter>Исходные файлы\shapes_bridge\manager</Filter>
    </ClCompile>
    <ClCompile Include="XImplStorage.cpp">
      <Filter>Исходные файлы\shapes_bridge\manager</Filter>
    </ClCompile>
    <ClCompile Include="XGdiBasicShapesImpl.cpp">
      <Filter>Исходные файлы\shapes_bridge\gdi</Filter>
    </ClCompile>
  </ItemGroup>
  <ItemGroup>
    <ResourceCompile Include="Lab3.rc">
      <Filter>Файлы ресурсов</Filter>
    </ResourceCompile>
    <ResourceCompile Include="Lab5.rc">
      <Filter>Файлы ресурсов</Filter>
    </ResourceCompile>
  </ItemGroup>
  <ItemGroup>
    <Image Include="bitmap1.bmp">
      <Filter>Файлы ресурсов\img</Filter>
    </Image>
    <Image Include="ellipse.bmp">
      <Filter>Файлы ресурсов\img</Filter>
    </Image>
    <Image Include="ellipse.ico">
      <Filter>Файлы ресурсов\img</Filter>
    </Image>
    <Image Include="ellipse1.bmp">
      <Filter>Файлы ресурсов\img</Filter>
    </Image>
    <Image Include="icon1.ico">
      <Filter>Файлы ресурсов\img</Filter>
    </Image>
    <Image Include="icon2.ico">
      <Filter>Файлы ресурсов\img</Filter>
    </Image>
    <Image Include="Lab3.ico">
      <Filter>Файлы ресурсов\img</Filter>
    </Image>
    <Image Include="line.bmp">
      <Filter>Файлы ресурсов\img</Filter>
    </Image>
    <Image Include="line.ico">
      <Filter>Файлы ресурсов\img</Filter>
    </Image>
    <Image Include="lineoo1.bmp">
      <Filter>Файлы ресурсов\img</Filter>
    </Image>
    <Image Include="pt.bmp">
      <Filter>Файлы ресурсов\img</Filter>
    </Image>
    <Image Include="pt.ico">
      <Filter>Файлы ресурсов\img</Filter>
    </Image>
    <Image Include="rect.bmp">
      <Filter>Файлы ресурсов\img</Filter>
    </Image>
    <Image Include="rect.ico">
      <Filter>Файлы ресурсов\img</Filter>
    </Image>
    <Image Include="small.ico">
      <Filter>Файлы ресурсов\img</Filter>
    </Image>
  </ItemGroup>
  <ItemGroup>
    <None Include="ClassDiagram.cd" />
    <None Include="ClassDiagram1.cd" />
    <None Include="ClassDiagram2.cd" />
    <None Include="ClassDiagram3.cd" />
  </ItemGroup>
</Project>